
Microsoft Visual Studio Solution File, Format Version 12.00
# Visual Studio Version 17
VisualStudioVersion = 17.5.33530.505
MinimumVisualStudioVersion = 10.0.40219.1
Project("{9A19103F-16F7-4668-BE54-9A1E7A4F7556}") = "ALLQOVET", "ALLQOVET\ALLQOVET.csproj", "{4478A10D-0DCA-468E-8A53-0E83883B3890}"
EndProject
Project("{FAE04EC0-301F-11D3-BF4B-00C04F79EFBC}") = "Entidades", "Entidades\Entidades.csproj", "{FD07496B-F175-40B2-9038-5AF3548BDC14}"
EndProject
Project("{FAE04EC0-301F-11D3-BF4B-00C04F79EFBC}") = "Interfaces", "Interfaces\Interfaces.csproj", "{B264D44B-BE7C-447C-AF15-C89B8A011D40}"
EndProject
Project("{FAE04EC0-301F-11D3-BF4B-00C04F79EFBC}") = "ALLQOVET_BLL", "ALLQOVET_BLL\ALLQOVET_BLL.csproj", "{99DA3A65-0966-4407-9122-753089BDA079}"
EndProject
Project("{FAE04EC0-301F-11D3-BF4B-00C04F79EFBC}") = "ALLQOVET_DAO", "ALLQOVET_DAO\ALLQOVET_DAO.csproj", "{9C93A00A-7BDB-4B53-ABA5-DB0794A493D5}"
EndProject
Global
	GlobalSection(SolutionConfigurationPlatforms) = preSolution
		Debug|Any CPU = Debug|Any CPU
		Release|Any CPU = Release|Any CPU
	EndGlobalSection
	GlobalSection(ProjectConfigurationPlatforms) = postSolution
		{4478A10D-0DCA-468E-8A53-0E83883B3890}.Debug|Any CPU.ActiveCfg = Debug|Any CPU
		{4478A10D-0DCA-468E-8A53-0E83883B3890}.Debug|Any CPU.Build.0 = Debug|Any CPU
		{4478A10D-0DCA-468E-8A53-0E83883B3890}.Release|Any CPU.ActiveCfg = Release|Any CPU
		{4478A10D-0DCA-468E-8A53-0E83883B3890}.Release|Any CPU.Build.0 = Release|Any CPU
		{FD07496B-F175-40B2-9038-5AF3548BDC14}.Debug|Any CPU.ActiveCfg = Debug|Any CPU
		{FD07496B-F175-40B2-9038-5AF3548BDC14}.Debug|Any CPU.Build.0 = Debug|Any CPU
		{FD07496B-F175-40B2-9038-5AF3548BDC14}.Release|Any CPU.ActiveCfg = Release|Any CPU
		{FD07496B-F175-40B2-9038-5AF3548BDC14}.Release|Any CPU.Build.0 = Release|Any CPU
		{B264D44B-BE7C-447C-AF15-C89B8A011D40}.Debug|Any CPU.ActiveCfg = Debug|Any CPU
		{B264D44B-BE7C-447C-AF15-C89B8A011D40}.Debug|Any CPU.Build.0 = Debug|Any CPU
		{B264D44B-BE7C-447C-AF15-C89B8A011D40}.Release|Any CPU.ActiveCfg = Release|Any CPU
		{B264D44B-BE7C-447C-AF15-C89B8A011D40}.Release|Any CPU.Build.0 = Release|Any CPU
		{99DA3A65-0966-4407-9122-753089BDA079}.Debug|Any CPU.ActiveCfg = Debug|Any CPU
		{99DA3A65-0966-4407-9122-753089BDA079}.Debug|Any CPU.Build.0 = Debug|Any CPU
		{99DA3A65-0966-4407-9122-753089BDA079}.Release|Any CPU.ActiveCfg = Release|Any CPU
		{99DA3A65-0966-4407-9122-753089BDA079}.Release|Any CPU.Build.0 = Release|Any CPU
		{9C93A00A-7BDB-4B53-ABA5-DB0794A493D5}.Debug|Any CPU.ActiveCfg = Debug|Any CPU
		{9C93A00A-7BDB-4B53-ABA5-DB0794A493D5}.Debug|Any CPU.Build.0 = Debug|Any CPU
		{9C93A00A-7BDB-4B53-ABA5-DB0794A493D5}.Release|Any CPU.ActiveCfg = Release|Any CPU
		{9C93A00A-7BDB-4B53-ABA5-DB0794A493D5}.Release|Any CPU.Build.0 = Release|Any CPU
	EndGlobalSection
	GlobalSection(SolutionProperties) = preSolution
		HideSolutionNode = FALSE
	EndGlobalSection
	GlobalSection(ExtensibilityGlobals) = postSolution
		SolutionGuid = {2214E45C-8120-493D-9EB4-C9807459946B}
	EndGlobalSection
EndGlobal
